
Microsoft Visual Studio Solution File, Format Version 12.00
# Visual Studio Version 17
VisualStudioVersion = 17.5.33516.290
MinimumVisualStudioVersion = 10.0.40219.1
Project("{8BC9CEB8-8B4A-11D0-8D11-00A0C91BC942}") = "InternalsPlugin", "InternalsPlugin.vcxproj", "{D0C09F9B-E1D6-4A04-B698-190F52BBA156}"
EndProject
Project("{FAE04EC0-301F-11D3-BF4B-00C04F79EFBC}") = "Aggregator", "..\Aggregator\Aggregator.csproj", "{E1569CA8-178B-4CAF-B625-0BADB26036BD}"
EndProject
Project("{FAE04EC0-301F-11D3-BF4B-00C04F79EFBC}") = "Classes", "..\Classes\Classes.csproj", "{2B1E2B0B-DAC6-45D5-B355-7A924C78B568}"
EndProject
Global
	GlobalSection(SolutionConfigurationPlatforms) = preSolution
		Debug|Any CPU = Debug|Any CPU
		Debug|Win32 = Debug|Win32
		Debug|x64 = Debug|x64
		Release|Any CPU = Release|Any CPU
		Release|Win32 = Release|Win32
		Release|x64 = Release|x64
	EndGlobalSection
	GlobalSection(ProjectConfigurationPlatforms) = postSolution
		{D0C09F9B-E1D6-4A04-B698-190F52BBA156}.Debug|Any CPU.ActiveCfg = Debug|x64
		{D0C09F9B-E1D6-4A04-B698-190F52BBA156}.Debug|Any CPU.Build.0 = Debug|x64
		{D0C09F9B-E1D6-4A04-B698-190F52BBA156}.Debug|Win32.ActiveCfg = Debug|Win32
		{D0C09F9B-E1D6-4A04-B698-190F52BBA156}.Debug|Win32.Build.0 = Debug|Win32
		{D0C09F9B-E1D6-4A04-B698-190F52BBA156}.Debug|x64.ActiveCfg = Debug|x64
		{D0C09F9B-E1D6-4A04-B698-190F52BBA156}.Debug|x64.Build.0 = Debug|x64
		{D0C09F9B-E1D6-4A04-B698-190F52BBA156}.Release|Any CPU.ActiveCfg = Release|x64
		{D0C09F9B-E1D6-4A04-B698-190F52BBA156}.Release|Any CPU.Build.0 = Release|x64
		{D0C09F9B-E1D6-4A04-B698-190F52BBA156}.Release|Win32.ActiveCfg = Release|Win32
		{D0C09F9B-E1D6-4A04-B698-190F52BBA156}.Release|Win32.Build.0 = Release|Win32
		{D0C09F9B-E1D6-4A04-B698-190F52BBA156}.Release|x64.ActiveCfg = Release|x64
		{D0C09F9B-E1D6-4A04-B698-190F52BBA156}.Release|x64.Build.0 = Release|x64
		{E1569CA8-178B-4CAF-B625-0BADB26036BD}.Debug|Any CPU.ActiveCfg = Debug|Any CPU
		{E1569CA8-178B-4CAF-B625-0BADB26036BD}.Debug|Any CPU.Build.0 = Debug|Any CPU
		{E1569CA8-178B-4CAF-B625-0BADB26036BD}.Debug|Win32.ActiveCfg = Debug|Any CPU
		{E1569CA8-178B-4CAF-B625-0BADB26036BD}.Debug|Win32.Build.0 = Debug|Any CPU
		{E1569CA8-178B-4CAF-B625-0BADB26036BD}.Debug|x64.ActiveCfg = Debug|Any CPU
		{E1569CA8-178B-4CAF-B625-0BADB26036BD}.Debug|x64.Build.0 = Debug|Any CPU
		{E1569CA8-178B-4CAF-B625-0BADB26036BD}.Release|Any CPU.ActiveCfg = Release|Any CPU
		{E1569CA8-178B-4CAF-B625-0BADB26036BD}.Release|Any CPU.Build.0 = Release|Any CPU
		{E1569CA8-178B-4CAF-B625-0BADB26036BD}.Release|Win32.ActiveCfg = Release|Any CPU
		{E1569CA8-178B-4CAF-B625-0BADB26036BD}.Release|Win32.Build.0 = Release|Any CPU
		{E1569CA8-178B-4CAF-B625-0BADB26036BD}.Release|x64.ActiveCfg = Release|Any CPU
		{E1569CA8-178B-4CAF-B625-0BADB26036BD}.Release|x64.Build.0 = Release|Any CPU
		{2B1E2B0B-DAC6-45D5-B355-7A924C78B568}.Debug|Any CPU.ActiveCfg = Debug|Any CPU
		{2B1E2B0B-DAC6-45D5-B355-7A924C78B568}.Debug|Any CPU.Build.0 = Debug|Any CPU
		{2B1E2B0B-DAC6-45D5-B355-7A924C78B568}.Debug|Win32.ActiveCfg = Debug|Any CPU
		{2B1E2B0B-DAC6-45D5-B355-7A924C78B568}.Debug|Win32.Build.0 = Debug|Any CPU
		{2B1E2B0B-DAC6-45D5-B355-7A924C78B568}.Debug|x64.ActiveCfg = Debug|Any CPU
		{2B1E2B0B-DAC6-45D5-B355-7A924C78B568}.Debug|x64.Build.0 = Debug|Any CPU
		{2B1E2B0B-DAC6-45D5-B355-7A924C78B568}.Release|Any CPU.ActiveCfg = Release|Any CPU
		{2B1E2B0B-DAC6-45D5-B355-7A924C78B568}.Release|Any CPU.Build.0 = Release|Any CPU
		{2B1E2B0B-DAC6-45D5-B355-7A924C78B568}.Release|Win32.ActiveCfg = Release|Any CPU
		{2B1E2B0B-DAC6-45D5-B355-7A924C78B568}.Release|Win32.Build.0 = Release|Any CPU
		{2B1E2B0B-DAC6-45D5-B355-7A924C78B568}.Release|x64.ActiveCfg = Release|Any CPU
		{2B1E2B0B-DAC6-45D5-B355-7A924C78B568}.Release|x64.Build.0 = Release|Any CPU
	EndGlobalSection
	GlobalSection(SolutionProperties) = preSolution
		HideSolutionNode = FALSE
	EndGlobalSection
	GlobalSection(ExtensibilityGlobals) = postSolution
		SolutionGuid = {7DE9BB59-4000-42AA-894F-309494434508}
	EndGlobalSection
EndGlobal
